// !$*UTF8*$!
{
	archiveVersion = 1;
	classes = {
	};
	objectVersion = 56;
	objects = {

/* Begin PBXBuildFile section */
		5EAF9AA529A8E50600E19C71 /* AppDelegate.swift in Sources */ = {isa = PBXBuildFile; fileRef = 5EAF9AA429A8E50600E19C71 /* AppDelegate.swift */; };
		5EAF9AA729A8E50600E19C71 /* SceneDelegate.swift in Sources */ = {isa = PBXBuildFile; fileRef = 5EAF9AA629A8E50600E19C71 /* SceneDelegate.swift */; };
		5EAF9AA929A8E50600E19C71 /* HomeViewController.swift in Sources */ = {isa = PBXBuildFile; fileRef = 5EAF9AA829A8E50600E19C71 /* HomeViewController.swift */; };
		5EAF9AAE29A8E50800E19C71 /* Assets.xcassets in Resources */ = {isa = PBXBuildFile; fileRef = 5EAF9AAD29A8E50800E19C71 /* Assets.xcassets */; };
		5EAF9AB129A8E50800E19C71 /* LaunchScreen.storyboard in Resources */ = {isa = PBXBuildFile; fileRef = 5EAF9AAF29A8E50800E19C71 /* LaunchScreen.storyboard */; };
		5EAF9ABC29A8E50800E19C71 /* CryptoTrackerTests.swift in Sources */ = {isa = PBXBuildFile; fileRef = 5EAF9ABB29A8E50800E19C71 /* CryptoTrackerTests.swift */; };
		5EAF9AC629A8E50800E19C71 /* CryptoTrackerUITests.swift in Sources */ = {isa = PBXBuildFile; fileRef = 5EAF9AC529A8E50800E19C71 /* CryptoTrackerUITests.swift */; };
		5EAF9AC829A8E50800E19C71 /* CryptoTrackerUITestsLaunchTests.swift in Sources */ = {isa = PBXBuildFile; fileRef = 5EAF9AC729A8E50800E19C71 /* CryptoTrackerUITestsLaunchTests.swift */; };
		5EAF9ADE29A8FB2D00E19C71 /* CryptoDataModel.swift in Sources */ = {isa = PBXBuildFile; fileRef = 5EAF9ADD29A8FB2D00E19C71 /* CryptoDataModel.swift */; };
		5EAF9AE029A8FBEE00E19C71 /* CryptoCollectionView.swift in Sources */ = {isa = PBXBuildFile; fileRef = 5EAF9ADF29A8FBEE00E19C71 /* CryptoCollectionView.swift */; };
		5EAF9AE229A901A900E19C71 /* CryptoCellViewModel.swift in Sources */ = {isa = PBXBuildFile; fileRef = 5EAF9AE129A901A900E19C71 /* CryptoCellViewModel.swift */; };
		5EAF9AE429A9021F00E19C71 /* CryptoCollectionViewModel.swift in Sources */ = {isa = PBXBuildFile; fileRef = 5EAF9AE329A9021F00E19C71 /* CryptoCollectionViewModel.swift */; };
		5EAF9AE629A90FF000E19C71 /* CryptoCollectionCell.swift in Sources */ = {isa = PBXBuildFile; fileRef = 5EAF9AE529A90FF000E19C71 /* CryptoCollectionCell.swift */; };
		5EAF9AEE29A9181C00E19C71 /* Localizable.strings in Resources */ = {isa = PBXBuildFile; fileRef = 5EAF9AF029A9181C00E19C71 /* Localizable.strings */; };
/* End PBXBuildFile section */

/* Begin PBXContainerItemProxy section */
		5EAF9AB829A8E50800E19C71 /* PBXContainerItemProxy */ = {
			isa = PBXContainerItemProxy;
			containerPortal = 5EAF9A9929A8E50600E19C71 /* Project object */;
			proxyType = 1;
			remoteGlobalIDString = 5EAF9AA029A8E50600E19C71;
			remoteInfo = CryptoTracker;
		};
		5EAF9AC229A8E50800E19C71 /* PBXContainerItemProxy */ = {
			isa = PBXContainerItemProxy;
			containerPortal = 5EAF9A9929A8E50600E19C71 /* Project object */;
			proxyType = 1;
			remoteGlobalIDString = 5EAF9AA029A8E50600E19C71;
			remoteInfo = CryptoTracker;
		};
/* End PBXContainerItemProxy section */

/* Begin PBXFileReference section */
		5EAF9AA129A8E50600E19C71 /* CryptoTracker.app */ = {isa = PBXFileReference; explicitFileType = wrapper.application; includeInIndex = 0; path = CryptoTracker.app; sourceTree = BUILT_PRODUCTS_DIR; };
		5EAF9AA429A8E50600E19C71 /* AppDelegate.swift */ = {isa = PBXFileReference; lastKnownFileType = sourcecode.swift; path = AppDelegate.swift; sourceTree = "<group>"; };
		5EAF9AA629A8E50600E19C71 /* SceneDelegate.swift */ = {isa = PBXFileReference; lastKnownFileType = sourcecode.swift; path = SceneDelegate.swift; sourceTree = "<group>"; };
		5EAF9AA829A8E50600E19C71 /* HomeViewController.swift */ = {isa = PBXFileReference; lastKnownFileType = sourcecode.swift; path = HomeViewController.swift; sourceTree = "<group>"; };
		5EAF9AAD29A8E50800E19C71 /* Assets.xcassets */ = {isa = PBXFileReference; lastKnownFileType = folder.assetcatalog; path = Assets.xcassets; sourceTree = "<group>"; };
		5EAF9AB029A8E50800E19C71 /* Base */ = {isa = PBXFileReference; lastKnownFileType = file.storyboard; name = Base; path = Base.lproj/LaunchScreen.storyboard; sourceTree = "<group>"; };
		5EAF9AB229A8E50800E19C71 /* Info.plist */ = {isa = PBXFileReference; lastKnownFileType = text.plist.xml; path = Info.plist; sourceTree = "<group>"; };
		5EAF9AB729A8E50800E19C71 /* CryptoTrackerTests.xctest */ = {isa = PBXFileReference; explicitFileType = wrapper.cfbundle; includeInIndex = 0; path = CryptoTrackerTests.xctest; sourceTree = BUILT_PRODUCTS_DIR; };
		5EAF9ABB29A8E50800E19C71 /* CryptoTrackerTests.swift */ = {isa = PBXFileReference; lastKnownFileType = sourcecode.swift; path = CryptoTrackerTests.swift; sourceTree = "<group>"; };
		5EAF9AC129A8E50800E19C71 /* CryptoTrackerUITests.xctest */ = {isa = PBXFileReference; explicitFileType = wrapper.cfbundle; includeInIndex = 0; path = CryptoTrackerUITests.xctest; sourceTree = BUILT_PRODUCTS_DIR; };
		5EAF9AC529A8E50800E19C71 /* CryptoTrackerUITests.swift */ = {isa = PBXFileReference; lastKnownFileType = sourcecode.swift; path = CryptoTrackerUITests.swift; sourceTree = "<group>"; };
		5EAF9AC729A8E50800E19C71 /* CryptoTrackerUITestsLaunchTests.swift */ = {isa = PBXFileReference; lastKnownFileType = sourcecode.swift; path = CryptoTrackerUITestsLaunchTests.swift; sourceTree = "<group>"; };
		5EAF9ADD29A8FB2D00E19C71 /* CryptoDataModel.swift */ = {isa = PBXFileReference; lastKnownFileType = sourcecode.swift; path = CryptoDataModel.swift; sourceTree = "<group>"; };
		5EAF9ADF29A8FBEE00E19C71 /* CryptoCollectionView.swift */ = {isa = PBXFileReference; lastKnownFileType = sourcecode.swift; path = CryptoCollectionView.swift; sourceTree = "<group>"; };
		5EAF9AE129A901A900E19C71 /* CryptoCellViewModel.swift */ = {isa = PBXFileReference; lastKnownFileType = sourcecode.swift; path = CryptoCellViewModel.swift; sourceTree = "<group>"; };
		5EAF9AE329A9021F00E19C71 /* CryptoCollectionViewModel.swift */ = {isa = PBXFileReference; lastKnownFileType = sourcecode.swift; path = CryptoCollectionViewModel.swift; sourceTree = "<group>"; };
		5EAF9AE529A90FF000E19C71 /* CryptoCollectionCell.swift */ = {isa = PBXFileReference; lastKnownFileType = sourcecode.swift; path = CryptoCollectionCell.swift; sourceTree = "<group>"; };
		5EAF9AE729A9176300E19C71 /* es */ = {isa = PBXFileReference; lastKnownFileType = text.plist.strings; name = es; path = es.lproj/LaunchScreen.strings; sourceTree = "<group>"; };
		5EAF9AE829A9177100E19C71 /* nl */ = {isa = PBXFileReference; lastKnownFileType = text.plist.strings; name = nl; path = nl.lproj/LaunchScreen.strings; sourceTree = "<group>"; };
		5EAF9AEF29A9181C00E19C71 /* en */ = {isa = PBXFileReference; lastKnownFileType = text.plist.strings; name = en; path = en.lproj/Localizable.strings; sourceTree = "<group>"; };
		5EAF9AF129A9182300E19C71 /* nl */ = {isa = PBXFileReference; lastKnownFileType = text.plist.strings; name = nl; path = nl.lproj/Localizable.strings; sourceTree = "<group>"; };
		5EAF9AF229A9182400E19C71 /* es */ = {isa = PBXFileReference; lastKnownFileType = text.plist.strings; name = es; path = es.lproj/Localizable.strings; sourceTree = "<group>"; };
/* End PBXFileReference section */

/* Begin PBXFrameworksBuildPhase section */
		5EAF9A9E29A8E50600E19C71 /* Frameworks */ = {
			isa = PBXFrameworksBuildPhase;
			buildActionMask = 2147483647;
			files = (
			);
			runOnlyForDeploymentPostprocessing = 0;
		};
		5EAF9AB429A8E50800E19C71 /* Frameworks */ = {
			isa = PBXFrameworksBuildPhase;
			buildActionMask = 2147483647;
			files = (
			);
			runOnlyForDeploymentPostprocessing = 0;
		};
		5EAF9ABE29A8E50800E19C71 /* Frameworks */ = {
			isa = PBXFrameworksBuildPhase;
			buildActionMask = 2147483647;
			files = (
			);
			runOnlyForDeploymentPostprocessing = 0;
		};
/* End PBXFrameworksBuildPhase section */

/* Begin PBXGroup section */
		5EAF9A9829A8E50600E19C71 = {
			isa = PBXGroup;
			children = (
				5EAF9AA329A8E50600E19C71 /* CryptoTracker */,
				5EAF9ABA29A8E50800E19C71 /* CryptoTrackerTests */,
				5EAF9AC429A8E50800E19C71 /* CryptoTrackerUITests */,
				5EAF9AA229A8E50600E19C71 /* Products */,
			);
			sourceTree = "<group>";
		};
		5EAF9AA229A8E50600E19C71 /* Products */ = {
			isa = PBXGroup;
			children = (
				5EAF9AA129A8E50600E19C71 /* CryptoTracker.app */,
				5EAF9AB729A8E50800E19C71 /* CryptoTrackerTests.xctest */,
				5EAF9AC129A8E50800E19C71 /* CryptoTrackerUITests.xctest */,
			);
			name = Products;
			sourceTree = "<group>";
		};
		5EAF9AA329A8E50600E19C71 /* CryptoTracker */ = {
			isa = PBXGroup;
			children = (
				5EAF9ADB29A8F86500E19C71 /* AppDelegate */,
				5EAF9AD629A8F78800E19C71 /* Models */,
				5EAF9AD729A8F79700E19C71 /* ViewModels */,
				5EAF9AD829A8F7A400E19C71 /* Views */,
				5EAF9AD929A8F7E600E19C71 /* Resources */,
				5EAF9AED29A917BA00E19C71 /* Localizations */,
			);
			path = CryptoTracker;
			sourceTree = "<group>";
		};
		5EAF9ABA29A8E50800E19C71 /* CryptoTrackerTests */ = {
			isa = PBXGroup;
			children = (
				5EAF9ABB29A8E50800E19C71 /* CryptoTrackerTests.swift */,
			);
			path = CryptoTrackerTests;
			sourceTree = "<group>";
		};
		5EAF9AC429A8E50800E19C71 /* CryptoTrackerUITests */ = {
			isa = PBXGroup;
			children = (
				5EAF9AC529A8E50800E19C71 /* CryptoTrackerUITests.swift */,
				5EAF9AC729A8E50800E19C71 /* CryptoTrackerUITestsLaunchTests.swift */,
			);
			path = CryptoTrackerUITests;
			sourceTree = "<group>";
		};
		5EAF9AD629A8F78800E19C71 /* Models */ = {
			isa = PBXGroup;
			children = (
				5EAF9ADD29A8FB2D00E19C71 /* CryptoDataModel.swift */,
			);
			path = Models;
			sourceTree = "<group>";
		};
		5EAF9AD729A8F79700E19C71 /* ViewModels */ = {
			isa = PBXGroup;
			children = (
				5EAF9AE129A901A900E19C71 /* CryptoCellViewModel.swift */,
				5EAF9AE329A9021F00E19C71 /* CryptoCollectionViewModel.swift */,
			);
			path = ViewModels;
			sourceTree = "<group>";
		};
		5EAF9AD829A8F7A400E19C71 /* Views */ = {
			isa = PBXGroup;
			children = (
				5EAF9AAF29A8E50800E19C71 /* LaunchScreen.storyboard */,
				5EAF9AF329A918D000E19C71 /* HomeViewController */,
			);
			path = Views;
			sourceTree = "<group>";
		};
		5EAF9AD929A8F7E600E19C71 /* Resources */ = {
			isa = PBXGroup;
			children = (
				5EAF9AAD29A8E50800E19C71 /* Assets.xcassets */,
				5EAF9AB229A8E50800E19C71 /* Info.plist */,
			);
			path = Resources;
			sourceTree = "<group>";
		};
		5EAF9ADB29A8F86500E19C71 /* AppDelegate */ = {
			isa = PBXGroup;
			children = (
				5EAF9AA429A8E50600E19C71 /* AppDelegate.swift */,
				5EAF9AA629A8E50600E19C71 /* SceneDelegate.swift */,
			);
			path = AppDelegate;
			sourceTree = "<group>";
		};
		5EAF9AED29A917BA00E19C71 /* Localizations */ = {
			isa = PBXGroup;
			children = (
				5EAF9AF029A9181C00E19C71 /* Localizable.strings */,
			);
			path = Localizations;
			sourceTree = "<group>";
		};
		5EAF9AF329A918D000E19C71 /* HomeViewController */ = {
			isa = PBXGroup;
			children = (
				5EAF9AA829A8E50600E19C71 /* HomeViewController.swift */,
				5EAF9ADF29A8FBEE00E19C71 /* CryptoCollectionView.swift */,
				5EAF9AE529A90FF000E19C71 /* CryptoCollectionCell.swift */,
			);
			path = HomeViewController;
			sourceTree = "<group>";
		};
/* End PBXGroup section */

/* Begin PBXNativeTarget section */
		5EAF9AA029A8E50600E19C71 /* CryptoTracker */ = {
			isa = PBXNativeTarget;
			buildConfigurationList = 5EAF9ACB29A8E50800E19C71 /* Build configuration list for PBXNativeTarget "CryptoTracker" */;
			buildPhases = (
				5EAF9A9D29A8E50600E19C71 /* Sources */,
				5EAF9A9E29A8E50600E19C71 /* Frameworks */,
				5EAF9A9F29A8E50600E19C71 /* Resources */,
			);
			buildRules = (
			);
			dependencies = (
			);
			name = CryptoTracker;
			productName = CryptoTracker;
			productReference = 5EAF9AA129A8E50600E19C71 /* CryptoTracker.app */;
			productType = "com.apple.product-type.application";
		};
		5EAF9AB629A8E50800E19C71 /* CryptoTrackerTests */ = {
			isa = PBXNativeTarget;
			buildConfigurationList = 5EAF9ACE29A8E50800E19C71 /* Build configuration list for PBXNativeTarget "CryptoTrackerTests" */;
			buildPhases = (
				5EAF9AB329A8E50800E19C71 /* Sources */,
				5EAF9AB429A8E50800E19C71 /* Frameworks */,
				5EAF9AB529A8E50800E19C71 /* Resources */,
			);
			buildRules = (
			);
			dependencies = (
				5EAF9AB929A8E50800E19C71 /* PBXTargetDependency */,
			);
			name = CryptoTrackerTests;
			productName = CryptoTrackerTests;
			productReference = 5EAF9AB729A8E50800E19C71 /* CryptoTrackerTests.xctest */;
			productType = "com.apple.product-type.bundle.unit-test";
		};
		5EAF9AC029A8E50800E19C71 /* CryptoTrackerUITests */ = {
			isa = PBXNativeTarget;
			buildConfigurationList = 5EAF9AD129A8E50800E19C71 /* Build configuration list for PBXNativeTarget "CryptoTrackerUITests" */;
			buildPhases = (
				5EAF9ABD29A8E50800E19C71 /* Sources */,
				5EAF9ABE29A8E50800E19C71 /* Frameworks */,
				5EAF9ABF29A8E50800E19C71 /* Resources */,
			);
			buildRules = (
			);
			dependencies = (
				5EAF9AC329A8E50800E19C71 /* PBXTargetDependency */,
			);
			name = CryptoTrackerUITests;
			productName = CryptoTrackerUITests;
			productReference = 5EAF9AC129A8E50800E19C71 /* CryptoTrackerUITests.xctest */;
			productType = "com.apple.product-type.bundle.ui-testing";
		};
/* End PBXNativeTarget section */

/* Begin PBXProject section */
		5EAF9A9929A8E50600E19C71 /* Project object */ = {
			isa = PBXProject;
			attributes = {
				BuildIndependentTargetsInParallel = 1;
				LastSwiftUpdateCheck = 1420;
				LastUpgradeCheck = 1420;
				TargetAttributes = {
					5EAF9AA029A8E50600E19C71 = {
						CreatedOnToolsVersion = 14.2;
					};
					5EAF9AB629A8E50800E19C71 = {
						CreatedOnToolsVersion = 14.2;
						TestTargetID = 5EAF9AA029A8E50600E19C71;
					};
					5EAF9AC029A8E50800E19C71 = {
						CreatedOnToolsVersion = 14.2;
						TestTargetID = 5EAF9AA029A8E50600E19C71;
					};
				};
			};
			buildConfigurationList = 5EAF9A9C29A8E50600E19C71 /* Build configuration list for PBXProject "CryptoTracker" */;
			compatibilityVersion = "Xcode 14.0";
			developmentRegion = en;
			hasScannedForEncodings = 0;
			knownRegions = (
				en,
				Base,
				es,
				nl,
			);
			mainGroup = 5EAF9A9829A8E50600E19C71;
			productRefGroup = 5EAF9AA229A8E50600E19C71 /* Products */;
			projectDirPath = "";
			projectRoot = "";
			targets = (
				5EAF9AA029A8E50600E19C71 /* CryptoTracker */,
				5EAF9AB629A8E50800E19C71 /* CryptoTrackerTests */,
				5EAF9AC029A8E50800E19C71 /* CryptoTrackerUITests */,
			);
		};
/* End PBXProject section */

/* Begin PBXResourcesBuildPhase section */
		5EAF9A9F29A8E50600E19C71 /* Resources */ = {
			isa = PBXResourcesBuildPhase;
			buildActionMask = 2147483647;
			files = (
				5EAF9AB129A8E50800E19C71 /* LaunchScreen.storyboard in Resources */,
				5EAF9AEE29A9181C00E19C71 /* Localizable.strings in Resources */,
				5EAF9AAE29A8E50800E19C71 /* Assets.xcassets in Resources */,
			);
			runOnlyForDeploymentPostprocessing = 0;
		};
		5EAF9AB529A8E50800E19C71 /* Resources */ = {
			isa = PBXResourcesBuildPhase;
			buildActionMask = 2147483647;
			files = (
			);
			runOnlyForDeploymentPostprocessing = 0;
		};
		5EAF9ABF29A8E50800E19C71 /* Resources */ = {
			isa = PBXResourcesBuildPhase;
			buildActionMask = 2147483647;
			files = (
			);
			runOnlyForDeploymentPostprocessing = 0;
		};
/* End PBXResourcesBuildPhase section */

/* Begin PBXSourcesBuildPhase section */
		5EAF9A9D29A8E50600E19C71 /* Sources */ = {
			isa = PBXSourcesBuildPhase;
			buildActionMask = 2147483647;
			files = (
				5EAF9ADE29A8FB2D00E19C71 /* CryptoDataModel.swift in Sources */,
				5EAF9AE029A8FBEE00E19C71 /* CryptoCollectionView.swift in Sources */,
				5EAF9AE629A90FF000E19C71 /* CryptoCollectionCell.swift in Sources */,
				5EAF9AA929A8E50600E19C71 /* HomeViewController.swift in Sources */,
				5EAF9AE229A901A900E19C71 /* CryptoCellViewModel.swift in Sources */,
				5EAF9AE429A9021F00E19C71 /* CryptoCollectionViewModel.swift in Sources */,
				5EAF9AA529A8E50600E19C71 /* AppDelegate.swift in Sources */,
				5EAF9AA729A8E50600E19C71 /* SceneDelegate.swift in Sources */,
			);
			runOnlyForDeploymentPostprocessing = 0;
		};
		5EAF9AB329A8E50800E19C71 /* Sources */ = {
			isa = PBXSourcesBuildPhase;
			buildActionMask = 2147483647;
			files = (
				5EAF9ABC29A8E50800E19C71 /* CryptoTrackerTests.swift in Sources */,
			);
			runOnlyForDeploymentPostprocessing = 0;
		};
		5EAF9ABD29A8E50800E19C71 /* Sources */ = {
			isa = PBXSourcesBuildPhase;
			buildActionMask = 2147483647;
			files = (
				5EAF9AC829A8E50800E19C71 /* CryptoTrackerUITestsLaunchTests.swift in Sources */,
				5EAF9AC629A8E50800E19C71 /* CryptoTrackerUITests.swift in Sources */,
			);
			runOnlyForDeploymentPostprocessing = 0;
		};
/* End PBXSourcesBuildPhase section */

/* Begin PBXTargetDependency section */
		5EAF9AB929A8E50800E19C71 /* PBXTargetDependency */ = {
			isa = PBXTargetDependency;
			target = 5EAF9AA029A8E50600E19C71 /* CryptoTracker */;
			targetProxy = 5EAF9AB829A8E50800E19C71 /* PBXContainerItemProxy */;
		};
		5EAF9AC329A8E50800E19C71 /* PBXTargetDependency */ = {
			isa = PBXTargetDependency;
			target = 5EAF9AA029A8E50600E19C71 /* CryptoTracker */;
			targetProxy = 5EAF9AC229A8E50800E19C71 /* PBXContainerItemProxy */;
		};
/* End PBXTargetDependency section */

/* Begin PBXVariantGroup section */
		5EAF9AAF29A8E50800E19C71 /* LaunchScreen.storyboard */ = {
			isa = PBXVariantGroup;
			children = (
				5EAF9AB029A8E50800E19C71 /* Base */,
				5EAF9AE729A9176300E19C71 /* es */,
				5EAF9AE829A9177100E19C71 /* nl */,
			);
			name = LaunchScreen.storyboard;
			sourceTree = "<group>";
		};
		5EAF9AF029A9181C00E19C71 /* Localizable.strings */ = {
			isa = PBXVariantGroup;
			children = (
				5EAF9AEF29A9181C00E19C71 /* en */,
				5EAF9AF129A9182300E19C71 /* nl */,
				5EAF9AF229A9182400E19C71 /* es */,
			);
			name = Localizable.strings;
			sourceTree = "<group>";
		};
/* End PBXVariantGroup section */

/* Begin XCBuildConfiguration section */
		5EAF9AC929A8E50800E19C71 /* Debug */ = {
			isa = XCBuildConfiguration;
			buildSettings = {
				ALWAYS_SEARCH_USER_PATHS = NO;
				CLANG_ANALYZER_LOCALIZABILITY_NONLOCALIZED = YES;
				CLANG_ANALYZER_NONNULL = YES;
				CLANG_ANALYZER_NUMBER_OBJECT_CONVERSION = YES_AGGRESSIVE;
				CLANG_CXX_LANGUAGE_STANDARD = "gnu++20";
				CLANG_ENABLE_MODULES = YES;
				CLANG_ENABLE_OBJC_ARC = YES;
				CLANG_ENABLE_OBJC_WEAK = YES;
				CLANG_WARN_BLOCK_CAPTURE_AUTORELEASING = YES;
				CLANG_WARN_BOOL_CONVERSION = YES;
				CLANG_WARN_COMMA = YES;
				CLANG_WARN_CONSTANT_CONVERSION = YES;
				CLANG_WARN_DEPRECATED_OBJC_IMPLEMENTATIONS = YES;
				CLANG_WARN_DIRECT_OBJC_ISA_USAGE = YES_ERROR;
				CLANG_WARN_DOCUMENTATION_COMMENTS = YES;
				CLANG_WARN_EMPTY_BODY = YES;
				CLANG_WARN_ENUM_CONVERSION = YES;
				CLANG_WARN_INFINITE_RECURSION = YES;
				CLANG_WARN_INT_CONVERSION = YES;
				CLANG_WARN_NON_LITERAL_NULL_CONVERSION = YES;
				CLANG_WARN_OBJC_IMPLICIT_RETAIN_SELF = YES;
				CLANG_WARN_OBJC_LITERAL_CONVERSION = YES;
				CLANG_WARN_OBJC_ROOT_CLASS = YES_ERROR;
				CLANG_WARN_QUOTED_INCLUDE_IN_FRAMEWORK_HEADER = YES;
				CLANG_WARN_RANGE_LOOP_ANALYSIS = YES;
				CLANG_WARN_STRICT_PROTOTYPES = YES;
				CLANG_WARN_SUSPICIOUS_MOVE = YES;
				CLANG_WARN_UNGUARDED_AVAILABILITY = YES_AGGRESSIVE;
				CLANG_WARN_UNREACHABLE_CODE = YES;
				CLANG_WARN__DUPLICATE_METHOD_MATCH = YES;
				COPY_PHASE_STRIP = NO;
				DEBUG_INFORMATION_FORMAT = dwarf;
				ENABLE_STRICT_OBJC_MSGSEND = YES;
				ENABLE_TESTABILITY = YES;
				GCC_C_LANGUAGE_STANDARD = gnu11;
				GCC_DYNAMIC_NO_PIC = NO;
				GCC_NO_COMMON_BLOCKS = YES;
				GCC_OPTIMIZATION_LEVEL = 0;
				GCC_PREPROCESSOR_DEFINITIONS = (
					"DEBUG=1",
					"$(inherited)",
				);
				GCC_WARN_64_TO_32_BIT_CONVERSION = YES;
				GCC_WARN_ABOUT_RETURN_TYPE = YES_ERROR;
				GCC_WARN_UNDECLARED_SELECTOR = YES;
				GCC_WARN_UNINITIALIZED_AUTOS = YES_AGGRESSIVE;
				GCC_WARN_UNUSED_FUNCTION = YES;
				GCC_WARN_UNUSED_VARIABLE = YES;
				IPHONEOS_DEPLOYMENT_TARGET = 16.2;
				MTL_ENABLE_DEBUG_INFO = INCLUDE_SOURCE;
				MTL_FAST_MATH = YES;
				ONLY_ACTIVE_ARCH = YES;
				SDKROOT = iphoneos;
				SWIFT_ACTIVE_COMPILATION_CONDITIONS = DEBUG;
				SWIFT_OPTIMIZATION_LEVEL = "-Onone";
			};
			name = Debug;
		};
		5EAF9ACA29A8E50800E19C71 /* Release */ = {
			isa = XCBuildConfiguration;
			buildSettings = {
				ALWAYS_SEARCH_USER_PATHS = NO;
				CLANG_ANALYZER_LOCALIZABILITY_NONLOCALIZED = YES;
				CLANG_ANALYZER_NONNULL = YES;
				CLANG_ANALYZER_NUMBER_OBJECT_CONVERSION = YES_AGGRESSIVE;
				CLANG_CXX_LANGUAGE_STANDARD = "gnu++20";
				CLANG_ENABLE_MODULES = YES;
				CLANG_ENABLE_OBJC_ARC = YES;
				CLANG_ENABLE_OBJC_WEAK = YES;
				CLANG_WARN_BLOCK_CAPTURE_AUTORELEASING = YES;
				CLANG_WARN_BOOL_CONVERSION = YES;
				CLANG_WARN_COMMA = YES;
				CLANG_WARN_CONSTANT_CONVERSION = YES;
				CLANG_WARN_DEPRECATED_OBJC_IMPLEMENTATIONS = YES;
				CLANG_WARN_DIRECT_OBJC_ISA_USAGE = YES_ERROR;
				CLANG_WARN_DOCUMENTATION_COMMENTS = YES;
				CLANG_WARN_EMPTY_BODY = YES;
				CLANG_WARN_ENUM_CONVERSION = YES;
				CLANG_WARN_INFINITE_RECURSION = YES;
				CLANG_WARN_INT_CONVERSION = YES;
				CLANG_WARN_NON_LITERAL_NULL_CONVERSION = YES;
				CLANG_WARN_OBJC_IMPLICIT_RETAIN_SELF = YES;
				CLANG_WARN_OBJC_LITERAL_CONVERSION = YES;
				CLANG_WARN_OBJC_ROOT_CLASS = YES_ERROR;
				CLANG_WARN_QUOTED_INCLUDE_IN_FRAMEWORK_HEADER = YES;
				CLANG_WARN_RANGE_LOOP_ANALYSIS = YES;
				CLANG_WARN_STRICT_PROTOTYPES = YES;
				CLANG_WARN_SUSPICIOUS_MOVE = YES;
				CLANG_WARN_UNGUARDED_AVAILABILITY = YES_AGGRESSIVE;
				CLANG_WARN_UNREACHABLE_CODE = YES;
				CLANG_WARN__DUPLICATE_METHOD_MATCH = YES;
				COPY_PHASE_STRIP = NO;
				DEBUG_INFORMATION_FORMAT = "dwarf-with-dsym";
				ENABLE_NS_ASSERTIONS = NO;
				ENABLE_STRICT_OBJC_MSGSEND = YES;
				GCC_C_LANGUAGE_STANDARD = gnu11;
				GCC_NO_COMMON_BLOCKS = YES;
				GCC_WARN_64_TO_32_BIT_CONVERSION = YES;
				GCC_WARN_ABOUT_RETURN_TYPE = YES_ERROR;
				GCC_WARN_UNDECLARED_SELECTOR = YES;
				GCC_WARN_UNINITIALIZED_AUTOS = YES_AGGRESSIVE;
				GCC_WARN_UNUSED_FUNCTION = YES;
				GCC_WARN_UNUSED_VARIABLE = YES;
				IPHONEOS_DEPLOYMENT_TARGET = 16.2;
				MTL_ENABLE_DEBUG_INFO = NO;
				MTL_FAST_MATH = YES;
				SDKROOT = iphoneos;
				SWIFT_COMPILATION_MODE = wholemodule;
				SWIFT_OPTIMIZATION_LEVEL = "-O";
				VALIDATE_PRODUCT = YES;
			};
			name = Release;
		};
		5EAF9ACC29A8E50800E19C71 /* Debug */ = {
			isa = XCBuildConfiguration;
			buildSettings = {
				ASSETCATALOG_COMPILER_APPICON_NAME = AppIcon;
				ASSETCATALOG_COMPILER_GLOBAL_ACCENT_COLOR_NAME = AccentColor;
				CODE_SIGN_STYLE = Automatic;
				CURRENT_PROJECT_VERSION = 1;
				DEVELOPMENT_TEAM = AJXD28RX58;
				GENERATE_INFOPLIST_FILE = YES;
				INFOPLIST_FILE = CryptoTracker/Info.plist;
				INFOPLIST_KEY_UIApplicationSupportsIndirectInputEvents = YES;
				INFOPLIST_KEY_UILaunchStoryboardName = LaunchScreen;
				INFOPLIST_KEY_UIMainStoryboardFile = Main;
				INFOPLIST_KEY_UISupportedInterfaceOrientations = UIInterfaceOrientationPortrait;
				INFOPLIST_KEY_UISupportedInterfaceOrientations_iPad = "UIInterfaceOrientationLandscapeLeft UIInterfaceOrientationLandscapeRight UIInterfaceOrientationPortrait UIInterfaceOrientationPortraitUpsideDown";
				LD_RUNPATH_SEARCH_PATHS = (
					"$(inherited)",
					"@executable_path/Frameworks",
				);
				MARKETING_VERSION = 1.0;
				PRODUCT_BUNDLE_IDENTIFIER = com.animatious.CryptoTracker;
				PRODUCT_NAME = "$(TARGET_NAME)";
				SWIFT_EMIT_LOC_STRINGS = YES;
				SWIFT_VERSION = 5.0;
				TARGETED_DEVICE_FAMILY = "1,2";
			};
			name = Debug;
		};
		5EAF9ACD29A8E50800E19C71 /* Release */ = {
			isa = XCBuildConfiguration;
			buildSettings = {
				ASSETCATALOG_COMPILER_APPICON_NAME = AppIcon;
				ASSETCATALOG_COMPILER_GLOBAL_ACCENT_COLOR_NAME = AccentColor;
				CODE_SIGN_STYLE = Automatic;
				CURRENT_PROJECT_VERSION = 1;
				DEVELOPMENT_TEAM = AJXD28RX58;
				GENERATE_INFOPLIST_FILE = YES;
				INFOPLIST_FILE = CryptoTracker/Info.plist;
				INFOPLIST_KEY_UIApplicationSupportsIndirectInputEvents = YES;
				INFOPLIST_KEY_UILaunchStoryboardName = LaunchScreen;
				INFOPLIST_KEY_UIMainStoryboardFile = Main;
				INFOPLIST_KEY_UISupportedInterfaceOrientations = UIInterfaceOrientationPortrait;
				INFOPLIST_KEY_UISupportedInterfaceOrientations_iPad = "UIInterfaceOrientationLandscapeLeft UIInterfaceOrientationLandscapeRight UIInterfaceOrientationPortrait UIInterfaceOrientationPortraitUpsideDown";
				LD_RUNPATH_SEARCH_PATHS = (
					"$(inherited)",
					"@executable_path/Frameworks",
				);
				MARKETING_VERSION = 1.0;
				PRODUCT_BUNDLE_IDENTIFIER = com.animatious.CryptoTracker;
				PRODUCT_NAME = "$(TARGET_NAME)";
				SWIFT_EMIT_LOC_STRINGS = YES;
				SWIFT_VERSION = 5.0;
				TARGETED_DEVICE_FAMILY = "1,2";
			};
			name = Release;
		};
		5EAF9ACF29A8E50800E19C71 /* Debug */ = {
			isa = XCBuildConfiguration;
			buildSettings = {
				ALWAYS_EMBED_SWIFT_STANDARD_LIBRARIES = YES;
				BUNDLE_LOADER = "$(TEST_HOST)";
				CODE_SIGN_STYLE = Automatic;
				CURRENT_PROJECT_VERSION = 1;
				DEVELOPMENT_TEAM = AJXD28RX58;
				GENERATE_INFOPLIST_FILE = YES;
				IPHONEOS_DEPLOYMENT_TARGET = 16.2;
				MARKETING_VERSION = 1.0;
				PRODUCT_BUNDLE_IDENTIFIER = com.animatious.CryptoTrackerTests;
				PRODUCT_NAME = "$(TARGET_NAME)";
				SWIFT_EMIT_LOC_STRINGS = NO;
				SWIFT_VERSION = 5.0;
				TARGETED_DEVICE_FAMILY = "1,2";
				TEST_HOST = "$(BUILT_PRODUCTS_DIR)/CryptoTracker.app/$(BUNDLE_EXECUTABLE_FOLDER_PATH)/CryptoTracker";
			};
			name = Debug;
		};
		5EAF9AD029A8E50800E19C71 /* Release */ = {
			isa = XCBuildConfiguration;
			buildSettings = {
				ALWAYS_EMBED_SWIFT_STANDARD_LIBRARIES = YES;
				BUNDLE_LOADER = "$(TEST_HOST)";
				CODE_SIGN_STYLE = Automatic;
				CURRENT_PROJECT_VERSION = 1;
				DEVELOPMENT_TEAM = AJXD28RX58;
				GENERATE_INFOPLIST_FILE = YES;
				IPHONEOS_DEPLOYMENT_TARGET = 16.2;
				MARKETING_VERSION = 1.0;
				PRODUCT_BUNDLE_IDENTIFIER = com.animatious.CryptoTrackerTests;
				PRODUCT_NAME = "$(TARGET_NAME)";
				SWIFT_EMIT_LOC_STRINGS = NO;
				SWIFT_VERSION = 5.0;
				TARGETED_DEVICE_FAMILY = "1,2";
				TEST_HOST = "$(BUILT_PRODUCTS_DIR)/CryptoTracker.app/$(BUNDLE_EXECUTABLE_FOLDER_PATH)/CryptoTracker";
			};
			name = Release;
		};
		5EAF9AD229A8E50800E19C71 /* Debug */ = {
			isa = XCBuildConfiguration;
			buildSettings = {
				ALWAYS_EMBED_SWIFT_STANDARD_LIBRARIES = YES;
				CODE_SIGN_STYLE = Automatic;
				CURRENT_PROJECT_VERSION = 1;
				DEVELOPMENT_TEAM = AJXD28RX58;
				GENERATE_INFOPLIST_FILE = YES;
				MARKETING_VERSION = 1.0;
				PRODUCT_BUNDLE_IDENTIFIER = com.animatious.CryptoTrackerUITests;
				PRODUCT_NAME = "$(TARGET_NAME)";
				SWIFT_EMIT_LOC_STRINGS = NO;
				SWIFT_VERSION = 5.0;
				TARGETED_DEVICE_FAMILY = "1,2";
				TEST_TARGET_NAME = CryptoTracker;
			};
			name = Debug;
		};
		5EAF9AD329A8E50800E19C71 /* Release */ = {
			isa = XCBuildConfiguration;
			buildSettings = {
				ALWAYS_EMBED_SWIFT_STANDARD_LIBRARIES = YES;
				CODE_SIGN_STYLE = Automatic;
				CURRENT_PROJECT_VERSION = 1;
				DEVELOPMENT_TEAM = AJXD28RX58;
				GENERATE_INFOPLIST_FILE = YES;
				MARKETING_VERSION = 1.0;
				PRODUCT_BUNDLE_IDENTIFIER = com.animatious.CryptoTrackerUITests;
				PRODUCT_NAME = "$(TARGET_NAME)";
				SWIFT_EMIT_LOC_STRINGS = NO;
				SWIFT_VERSION = 5.0;
				TARGETED_DEVICE_FAMILY = "1,2";
				TEST_TARGET_NAME = CryptoTracker;
			};
			name = Release;
		};
/* End XCBuildConfiguration section */

/* Begin XCConfigurationList section */
		5EAF9A9C29A8E50600E19C71 /* Build configuration list for PBXProject "CryptoTracker" */ = {
			isa = XCConfigurationList;
			buildConfigurations = (
				5EAF9AC929A8E50800E19C71 /* Debug */,
				5EAF9ACA29A8E50800E19C71 /* Release */,
			);
			defaultConfigurationIsVisible = 0;
			defaultConfigurationName = Release;
		};
		5EAF9ACB29A8E50800E19C71 /* Build configuration list for PBXNativeTarget "CryptoTracker" */ = {
			isa = XCConfigurationList;
			buildConfigurations = (
				5EAF9ACC29A8E50800E19C71 /* Debug */,
				5EAF9ACD29A8E50800E19C71 /* Release */,
			);
			defaultConfigurationIsVisible = 0;
			defaultConfigurationName = Release;
		};
		5EAF9ACE29A8E50800E19C71 /* Build configuration list for PBXNativeTarget "CryptoTrackerTests" */ = {
			isa = XCConfigurationList;
			buildConfigurations = (
				5EAF9ACF29A8E50800E19C71 /* Debug */,
				5EAF9AD029A8E50800E19C71 /* Release */,
			);
			defaultConfigurationIsVisible = 0;
			defaultConfigurationName = Release;
		};
		5EAF9AD129A8E50800E19C71 /* Build configuration list for PBXNativeTarget "CryptoTrackerUITests" */ = {
			isa = XCConfigurationList;
			buildConfigurations = (
				5EAF9AD229A8E50800E19C71 /* Debug */,
				5EAF9AD329A8E50800E19C71 /* Release */,
			);
			defaultConfigurationIsVisible = 0;
			defaultConfigurationName = Release;
		};
/* End XCConfigurationList section */
	};
	rootObject = 5EAF9A9929A8E50600E19C71 /* Project object */;
}
